// !$*UTF8*$!
{
	archiveVersion = 1;
	classes = {
	};
	objectVersion = 55;
	objects = {

/* Begin PBXBuildFile section */
		A02A61592C66BDC000B7B8F8 /* tui.m in Sources */ = {isa = PBXBuildFile; fileRef = A02A61582C66BDC000B7B8F8 /* tui.m */; };
		A06A3EB92C6FFCD000596C11 /* screen_manager.m in Sources */ = {isa = PBXBuildFile; fileRef = A06A3EB62C6FF6FE00596C11 /* screen_manager.m */; };
		A06A3EBA2C6FFCD600596C11 /* switch_config.m in Sources */ = {isa = PBXBuildFile; fileRef = A06A3EB82C6FF8D000596C11 /* switch_config.m */; };
		A0847765284D3A4E00830BD1 /* main.m in Sources */ = {isa = PBXBuildFile; fileRef = A0847764284D3A4E00830BD1 /* main.m */; };
		A0B3DE602C65756F005AB2BE /* termbox2.c in Sources */ = {isa = PBXBuildFile; fileRef = A0B3DE5F2C65756F005AB2BE /* termbox2.c */; };
/* End PBXBuildFile section */

/* Begin PBXCopyFilesBuildPhase section */
		A084775F284D3A4E00830BD1 /* CopyFiles */ = {
			isa = PBXCopyFilesBuildPhase;
			buildActionMask = 2147483647;
			dstPath = /usr/share/man/man1/;
			dstSubfolderSpec = 0;
			files = (
			);
			runOnlyForDeploymentPostprocessing = 1;
		};
/* End PBXCopyFilesBuildPhase section */

/* Begin PBXFileReference section */
		A02A61582C66BDC000B7B8F8 /* tui.m */ = {isa = PBXFileReference; lastKnownFileType = sourcecode.c.objc; path = tui.m; sourceTree = "<group>"; };
		A02A615A2C66C1F500B7B8F8 /* tui.h */ = {isa = PBXFileReference; lastKnownFileType = sourcecode.c.h; path = tui.h; sourceTree = "<group>"; };
		A06A3EB52C6FF6B000596C11 /* screen_manager.h */ = {isa = PBXFileReference; lastKnownFileType = sourcecode.c.h; path = screen_manager.h; sourceTree = "<group>"; };
		A06A3EB62C6FF6FE00596C11 /* screen_manager.m */ = {isa = PBXFileReference; lastKnownFileType = sourcecode.c.objc; path = screen_manager.m; sourceTree = "<group>"; };
		A06A3EB72C6FF8B400596C11 /* switch_config.h */ = {isa = PBXFileReference; lastKnownFileType = sourcecode.c.h; path = switch_config.h; sourceTree = "<group>"; };
		A06A3EB82C6FF8D000596C11 /* switch_config.m */ = {isa = PBXFileReference; lastKnownFileType = sourcecode.c.objc; path = switch_config.m; sourceTree = "<group>"; };
		A0847761284D3A4E00830BD1 /* switch-config */ = {isa = PBXFileReference; explicitFileType = "compiled.mach-o.executable"; includeInIndex = 0; path = switch-config; sourceTree = BUILT_PRODUCTS_DIR; };
		A0847764284D3A4E00830BD1 /* main.m */ = {isa = PBXFileReference; lastKnownFileType = sourcecode.c.objc; path = main.m; sourceTree = "<group>"; };
		A0B3DE5E2C6574E9005AB2BE /* termbox2.h */ = {isa = PBXFileReference; fileEncoding = 4; lastKnownFileType = sourcecode.c.h; path = termbox2.h; sourceTree = "<group>"; };
		A0B3DE5F2C65756F005AB2BE /* termbox2.c */ = {isa = PBXFileReference; lastKnownFileType = sourcecode.c.c; path = termbox2.c; sourceTree = "<group>"; };
		A0EF3FAD2C6D595B00935D44 /* argparse.h */ = {isa = PBXFileReference; lastKnownFileType = sourcecode.c.h; path = argparse.h; sourceTree = "<group>"; };
/* End PBXFileReference section */

/* Begin PBXFrameworksBuildPhase section */
		A084775E284D3A4E00830BD1 /* Frameworks */ = {
			isa = PBXFrameworksBuildPhase;
			buildActionMask = 2147483647;
			files = (
			);
			runOnlyForDeploymentPostprocessing = 0;
		};
/* End PBXFrameworksBuildPhase section */

/* Begin PBXGroup section */
		A0847758284D3A4E00830BD1 = {
			isa = PBXGroup;
			children = (
				A0847763284D3A4E00830BD1 /* src */,
				A0847762284D3A4E00830BD1 /* Products */,
			);
			sourceTree = "<group>";
		};
		A0847762284D3A4E00830BD1 /* Products */ = {
			isa = PBXGroup;
			children = (
				A0847761284D3A4E00830BD1 /* switch-config */,
			);
			name = Products;
			sourceTree = "<group>";
		};
		A0847763284D3A4E00830BD1 /* src */ = {
			isa = PBXGroup;
			children = (
				A0B3DE5D2C657328005AB2BE /* libs */,
				A0847764284D3A4E00830BD1 /* main.m */,
				A02A61582C66BDC000B7B8F8 /* tui.m */,
				A02A615A2C66C1F500B7B8F8 /* tui.h */,
				A0EF3FAD2C6D595B00935D44 /* argparse.h */,
				A06A3EB52C6FF6B000596C11 /* screen_manager.h */,
				A06A3EB62C6FF6FE00596C11 /* screen_manager.m */,
				A06A3EB72C6FF8B400596C11 /* switch_config.h */,
				A06A3EB82C6FF8D000596C11 /* switch_config.m */,
			);
			path = src;
			sourceTree = "<group>";
		};
		A0B3DE5D2C657328005AB2BE /* libs */ = {
			isa = PBXGroup;
			children = (
				A0B3DE5E2C6574E9005AB2BE /* termbox2.h */,
				A0B3DE5F2C65756F005AB2BE /* termbox2.c */,
			);
			path = libs;
			sourceTree = "<group>";
		};
/* End PBXGroup section */

/* Begin PBXNativeTarget section */
		A0847760284D3A4E00830BD1 /* switch-config */ = {
			isa = PBXNativeTarget;
			buildConfigurationList = A0847768284D3A4E00830BD1 /* Build configuration list for PBXNativeTarget "switch-config" */;
			buildPhases = (
				A084775D284D3A4E00830BD1 /* Sources */,
				A084775E284D3A4E00830BD1 /* Frameworks */,
				A084775F284D3A4E00830BD1 /* CopyFiles */,
			);
			buildRules = (
			);
			dependencies = (
			);
			name = switch-config;
			productName = switch-config;
			productReference = A0847761284D3A4E00830BD1 /* switch-config */;
			productType = "com.apple.product-type.tool";
		};
/* End PBXNativeTarget section */

/* Begin PBXProject section */
		A0847759284D3A4E00830BD1 /* Project object */ = {
			isa = PBXProject;
			attributes = {
				BuildIndependentTargetsInParallel = 1;
				LastUpgradeCheck = 1320;
				TargetAttributes = {
					A0847760284D3A4E00830BD1 = {
						CreatedOnToolsVersion = 13.2.1;
					};
				};
			};
			buildConfigurationList = A084775C284D3A4E00830BD1 /* Build configuration list for PBXProject "switch-config" */;
			compatibilityVersion = "Xcode 13.0";
			developmentRegion = en;
			hasScannedForEncodings = 0;
			knownRegions = (
				en,
				Base,
			);
			mainGroup = A0847758284D3A4E00830BD1;
			productRefGroup = A0847762284D3A4E00830BD1 /* Products */;
			projectDirPath = "";
			projectRoot = "";
			targets = (
				A0847760284D3A4E00830BD1 /* switch-config */,
			);
		};
/* End PBXProject section */

/* Begin PBXSourcesBuildPhase section */
		A084775D284D3A4E00830BD1 /* Sources */ = {
			isa = PBXSourcesBuildPhase;
			buildActionMask = 2147483647;
			files = (
				A06A3EBA2C6FFCD600596C11 /* switch_config.m in Sources */,
				A06A3EB92C6FFCD000596C11 /* screen_manager.m in Sources */,
				A0847765284D3A4E00830BD1 /* main.m in Sources */,
				A0B3DE602C65756F005AB2BE /* termbox2.c in Sources */,
				A02A61592C66BDC000B7B8F8 /* tui.m in Sources */,
			);
			runOnlyForDeploymentPostprocessing = 0;
		};
/* End PBXSourcesBuildPhase section */

/* Begin XCBuildConfiguration section */
		A0847766284D3A4E00830BD1 /* Debug */ = {
			isa = XCBuildConfiguration;
			buildSettings = {
				ALWAYS_SEARCH_USER_PATHS = NO;
				CLANG_ANALYZER_NONNULL = YES;
				CLANG_ANALYZER_NUMBER_OBJECT_CONVERSION = YES_AGGRESSIVE;
				CLANG_CXX_LANGUAGE_STANDARD = "gnu++17";
				CLANG_CXX_LIBRARY = "libc++";
				CLANG_ENABLE_MODULES = YES;
				CLANG_ENABLE_OBJC_ARC = YES;
				CLANG_ENABLE_OBJC_WEAK = YES;
				CLANG_WARN_BLOCK_CAPTURE_AUTORELEASING = YES;
				CLANG_WARN_BOOL_CONVERSION = YES;
				CLANG_WARN_COMMA = YES;
				CLANG_WARN_CONSTANT_CONVERSION = YES;
				CLANG_WARN_DEPRECATED_OBJC_IMPLEMENTATIONS = YES;
				CLANG_WARN_DIRECT_OBJC_ISA_USAGE = YES_ERROR;
				CLANG_WARN_DOCUMENTATION_COMMENTS = YES;
				CLANG_WARN_EMPTY_BODY = YES;
				CLANG_WARN_ENUM_CONVERSION = YES;
				CLANG_WARN_INFINITE_RECURSION = YES;
				CLANG_WARN_INT_CONVERSION = YES;
				CLANG_WARN_NON_LITERAL_NULL_CONVERSION = YES;
				CLANG_WARN_OBJC_IMPLICIT_RETAIN_SELF = YES;
				CLANG_WARN_OBJC_LITERAL_CONVERSION = YES;
				CLANG_WARN_OBJC_ROOT_CLASS = YES_ERROR;
				CLANG_WARN_QUOTED_INCLUDE_IN_FRAMEWORK_HEADER = YES;
				CLANG_WARN_RANGE_LOOP_ANALYSIS = YES;
				CLANG_WARN_STRICT_PROTOTYPES = YES;
				CLANG_WARN_SUSPICIOUS_MOVE = YES;
				CLANG_WARN_UNGUARDED_AVAILABILITY = YES_AGGRESSIVE;
				CLANG_WARN_UNREACHABLE_CODE = YES;
				CLANG_WARN__DUPLICATE_METHOD_MATCH = YES;
				COPY_PHASE_STRIP = NO;
				DEBUG_INFORMATION_FORMAT = dwarf;
				ENABLE_STRICT_OBJC_MSGSEND = YES;
				ENABLE_TESTABILITY = YES;
				GCC_C_LANGUAGE_STANDARD = gnu11;
				GCC_DYNAMIC_NO_PIC = NO;
				GCC_NO_COMMON_BLOCKS = YES;
				GCC_OPTIMIZATION_LEVEL = 0;
				GCC_PREPROCESSOR_DEFINITIONS = (
					"DEBUG=1",
					"$(inherited)",
				);
				GCC_WARN_64_TO_32_BIT_CONVERSION = YES;
				GCC_WARN_ABOUT_RETURN_TYPE = YES_ERROR;
				GCC_WARN_UNDECLARED_SELECTOR = YES;
				GCC_WARN_UNINITIALIZED_AUTOS = YES_AGGRESSIVE;
				GCC_WARN_UNUSED_FUNCTION = YES;
				GCC_WARN_UNUSED_VARIABLE = YES;
				MACOSX_DEPLOYMENT_TARGET = 12.1;
				MTL_ENABLE_DEBUG_INFO = INCLUDE_SOURCE;
				MTL_FAST_MATH = YES;
				ONLY_ACTIVE_ARCH = YES;
				SDKROOT = macosx;
			};
			name = Debug;
		};
		A0847767284D3A4E00830BD1 /* Release */ = {
			isa = XCBuildConfiguration;
			buildSettings = {
				ALWAYS_SEARCH_USER_PATHS = NO;
				CLANG_ANALYZER_NONNULL = YES;
				CLANG_ANALYZER_NUMBER_OBJECT_CONVERSION = YES_AGGRESSIVE;
				CLANG_CXX_LANGUAGE_STANDARD = "gnu++17";
				CLANG_CXX_LIBRARY = "libc++";
				CLANG_ENABLE_MODULES = YES;
				CLANG_ENABLE_OBJC_ARC = YES;
				CLANG_ENABLE_OBJC_WEAK = YES;
				CLANG_WARN_BLOCK_CAPTURE_AUTORELEASING = YES;
				CLANG_WARN_BOOL_CONVERSION = YES;
				CLANG_WARN_COMMA = YES;
				CLANG_WARN_CONSTANT_CONVERSION = YES;
				CLANG_WARN_DEPRECATED_OBJC_IMPLEMENTATIONS = YES;
				CLANG_WARN_DIRECT_OBJC_ISA_USAGE = YES_ERROR;
				CLANG_WARN_DOCUMENTATION_COMMENTS = YES;
				CLANG_WARN_EMPTY_BODY = YES;
				CLANG_WARN_ENUM_CONVERSION = YES;
				CLANG_WARN_INFINITE_RECURSION = YES;
				CLANG_WARN_INT_CONVERSION = YES;
				CLANG_WARN_NON_LITERAL_NULL_CONVERSION = YES;
				CLANG_WARN_OBJC_IMPLICIT_RETAIN_SELF = YES;
				CLANG_WARN_OBJC_LITERAL_CONVERSION = YES;
				CLANG_WARN_OBJC_ROOT_CLASS = YES_ERROR;
				CLANG_WARN_QUOTED_INCLUDE_IN_FRAMEWORK_HEADER = YES;
				CLANG_WARN_RANGE_LOOP_ANALYSIS = YES;
				CLANG_WARN_STRICT_PROTOTYPES = YES;
				CLANG_WARN_SUSPICIOUS_MOVE = YES;
				CLANG_WARN_UNGUARDED_AVAILABILITY = YES_AGGRESSIVE;
				CLANG_WARN_UNREACHABLE_CODE = YES;
				CLANG_WARN__DUPLICATE_METHOD_MATCH = YES;
				COPY_PHASE_STRIP = NO;
				DEBUG_INFORMATION_FORMAT = "dwarf-with-dsym";
				ENABLE_NS_ASSERTIONS = NO;
				ENABLE_STRICT_OBJC_MSGSEND = YES;
				GCC_C_LANGUAGE_STANDARD = gnu11;
				GCC_NO_COMMON_BLOCKS = YES;
				GCC_WARN_64_TO_32_BIT_CONVERSION = YES;
				GCC_WARN_ABOUT_RETURN_TYPE = YES_ERROR;
				GCC_WARN_UNDECLARED_SELECTOR = YES;
				GCC_WARN_UNINITIALIZED_AUTOS = YES_AGGRESSIVE;
				GCC_WARN_UNUSED_FUNCTION = YES;
				GCC_WARN_UNUSED_VARIABLE = YES;
				MACOSX_DEPLOYMENT_TARGET = 12.1;
				MTL_ENABLE_DEBUG_INFO = NO;
				MTL_FAST_MATH = YES;
				SDKROOT = macosx;
			};
			name = Release;
		};
		A0847769284D3A4E00830BD1 /* Debug */ = {
			isa = XCBuildConfiguration;
			buildSettings = {
				CLANG_ENABLE_OBJC_ARC = NO;
				CODE_SIGN_STYLE = Automatic;
				DEVELOPMENT_TEAM = "";
				ENABLE_HARDENED_RUNTIME = YES;
				PRODUCT_NAME = "$(TARGET_NAME)";
			};
			name = Debug;
		};
		A084776A284D3A4E00830BD1 /* Release */ = {
			isa = XCBuildConfiguration;
			buildSettings = {
				CLANG_ENABLE_OBJC_ARC = NO;
				CODE_SIGN_STYLE = Automatic;
				DEVELOPMENT_TEAM = "";
				ENABLE_HARDENED_RUNTIME = YES;
				PRODUCT_NAME = "$(TARGET_NAME)";
			};
			name = Release;
		};
/* End XCBuildConfiguration section */

/* Begin XCConfigurationList section */
		A084775C284D3A4E00830BD1 /* Build configuration list for PBXProject "switch-config" */ = {
			isa = XCConfigurationList;
			buildConfigurations = (
				A0847766284D3A4E00830BD1 /* Debug */,
				A0847767284D3A4E00830BD1 /* Release */,
			);
			defaultConfigurationIsVisible = 0;
			defaultConfigurationName = Release;
		};
		A0847768284D3A4E00830BD1 /* Build configuration list for PBXNativeTarget "switch-config" */ = {
			isa = XCConfigurationList;
			buildConfigurations = (
				A0847769284D3A4E00830BD1 /* Debug */,
				A084776A284D3A4E00830BD1 /* Release */,
			);
			defaultConfigurationIsVisible = 0;
			defaultConfigurationName = Release;
		};
/* End XCConfigurationList section */
	};
	rootObject = A0847759284D3A4E00830BD1 /* Project object */;
}
